
Microsoft Visual Studio Solution File, Format Version 12.00
# Visual Studio Version 16
VisualStudioVersion = 16.0.31729.503
MinimumVisualStudioVersion = 10.0.40219.1
Project("{FAE04EC0-301F-11D3-BF4B-00C04F79EFBC}") = "Assignment2DGraphicsWeek3", "Assignment2DGraphicsWeek3.csproj", "{AB13A6A1-4996-44F2-9124-F3B3D49540C3}"
EndProject
Global
	GlobalSection(SolutionConfigurationPlatforms) = preSolution
		Debug|Any CPU = Debug|Any CPU
		Release|Any CPU = Release|Any CPU
	EndGlobalSection
	GlobalSection(ProjectConfigurationPlatforms) = postSolution
		{AB13A6A1-4996-44F2-9124-F3B3D49540C3}.Debug|Any CPU.ActiveCfg = Debug|Any CPU
		{AB13A6A1-4996-44F2-9124-F3B3D49540C3}.Debug|Any CPU.Build.0 = Debug|Any CPU
		{AB13A6A1-4996-44F2-9124-F3B3D49540C3}.Release|Any CPU.ActiveCfg = Release|Any CPU
		{AB13A6A1-4996-44F2-9124-F3B3D49540C3}.Release|Any CPU.Build.0 = Release|Any CPU
	EndGlobalSection
	GlobalSection(SolutionProperties) = preSolution
		HideSolutionNode = FALSE
	EndGlobalSection
	GlobalSection(ExtensibilityGlobals) = postSolution
		SolutionGuid = {92D891B1-1819-499F-903A-2D186028ABAB}
	EndGlobalSection
EndGlobal
